
Microsoft Visual Studio Solution File, Format Version 12.00
# Visual Studio Version 16
VisualStudioVersion = 16.0.30804.86
MinimumVisualStudioVersion = 10.0.40219.1
Project("{FAE04EC0-301F-11D3-BF4B-00C04F79EFBC}") = "TicTacToe MiniMax", "TicTacToe MiniMax.csproj", "{E757543C-41E0-4F24-975D-D7C128F5FB0C}"
EndProject
Global
	GlobalSection(SolutionConfigurationPlatforms) = preSolution
		Debug|Any CPU = Debug|Any CPU
		Release|Any CPU = Release|Any CPU
	EndGlobalSection
	GlobalSection(ProjectConfigurationPlatforms) = postSolution
		{E757543C-41E0-4F24-975D-D7C128F5FB0C}.Debug|Any CPU.ActiveCfg = Debug|Any CPU
		{E757543C-41E0-4F24-975D-D7C128F5FB0C}.Debug|Any CPU.Build.0 = Debug|Any CPU
		{E757543C-41E0-4F24-975D-D7C128F5FB0C}.Release|Any CPU.ActiveCfg = Release|Any CPU
		{E757543C-41E0-4F24-975D-D7C128F5FB0C}.Release|Any CPU.Build.0 = Release|Any CPU
	EndGlobalSection
	GlobalSection(SolutionProperties) = preSolution
		HideSolutionNode = FALSE
	EndGlobalSection
	GlobalSection(ExtensibilityGlobals) = postSolution
		SolutionGuid = {6E575F5B-C2AF-4E36-8644-E1C10A227BD4}
	EndGlobalSection
EndGlobal
